{
  "name": "webview-tile-header",
  "version": "2.0.0",
  "lockfileVersion": 1,
  "requires": true,
  "dependencies": {
    "@moduware/lit-utils": {
      "version": "1.0.0",
      "resolved": "https://registry.npmjs.org/@moduware/lit-utils/-/lit-utils-1.0.0.tgz",
      "integrity": "sha512-WiFu5befVl9XCp71X4OeQQTueyYk+Ug2lP6HLa8vMJlY55IJHts7sroM3TCu6Dgp/A/BhYEBI5ckdum5VeZTFQ=="
    },
    "lit-element": {
      "version": "2.1.0",
      "resolved": "https://registry.npmjs.org/lit-element/-/lit-element-2.1.0.tgz",
      "integrity": "sha512-0z/KHm1xZweivfOVRr8AKR06+D3k02u15m9s4jkuRdnGe5wfmEwePzrQQBsSZNILdnfJvfo3TJOeGhBCVZaPbw==",
      "requires": {
        "lit-html": "^1.0.0"
      }
    },
    "lit-html": {
      "version": "1.0.0",
      "resolved": "https://registry.npmjs.org/lit-html/-/lit-html-1.0.0.tgz",
      "integrity": "sha512-oeWlpLmBW3gFl7979Wol2LKITpmKTUFNn7PnFbh6YNynF61W74l6x5WhwItAwPRSATpexaX1egNnRzlN4GOtfQ=="
    }
  }
}
